
Microsoft Visual Studio Solution File, Format Version 12.00
# Visual Studio Version 17
VisualStudioVersion = 17.10.35013.160
MinimumVisualStudioVersion = 10.0.40219.1
Project("{54A90642-561A-4BB1-A94E-469ADEE60C69}") = "krish7201.github.io", "krish7201.github.io.esproj", "{8214FF59-F7CC-4D81-86B8-4A565A00EEFD}"
EndProject
Global
	GlobalSection(SolutionConfigurationPlatforms) = preSolution
		Debug|Any CPU = Debug|Any CPU
		Release|Any CPU = Release|Any CPU
	EndGlobalSection
	GlobalSection(ProjectConfigurationPlatforms) = postSolution
		{8214FF59-F7CC-4D81-86B8-4A565A00EEFD}.Debug|Any CPU.ActiveCfg = Debug|Any CPU
		{8214FF59-F7CC-4D81-86B8-4A565A00EEFD}.Debug|Any CPU.Build.0 = Debug|Any CPU
		{8214FF59-F7CC-4D81-86B8-4A565A00EEFD}.Debug|Any CPU.Deploy.0 = Debug|Any CPU
		{8214FF59-F7CC-4D81-86B8-4A565A00EEFD}.Release|Any CPU.ActiveCfg = Release|Any CPU
		{8214FF59-F7CC-4D81-86B8-4A565A00EEFD}.Release|Any CPU.Build.0 = Release|Any CPU
		{8214FF59-F7CC-4D81-86B8-4A565A00EEFD}.Release|Any CPU.Deploy.0 = Release|Any CPU
	EndGlobalSection
	GlobalSection(SolutionProperties) = preSolution
		HideSolutionNode = FALSE
	EndGlobalSection
	GlobalSection(ExtensibilityGlobals) = postSolution
		SolutionGuid = {976E4C04-4E01-48BF-8835-C714D07222ED}
	EndGlobalSection
EndGlobal
